
Microsoft Visual Studio Solution File, Format Version 12.00
# Visual Studio Version 16
VisualStudioVersion = 16.0.35425.106
MinimumVisualStudioVersion = 10.0.40219.1
Project("{FAE04EC0-301F-11D3-BF4B-00C04F79EFBC}") = "wfBomb", "wfBomb\wfBomb.csproj", "{39FE0AE0-789D-42CB-B610-914E1CE083C3}"
EndProject
Global
	GlobalSection(SolutionConfigurationPlatforms) = preSolution
		Debug|Any CPU = Debug|Any CPU
		Release|Any CPU = Release|Any CPU
	EndGlobalSection
	GlobalSection(ProjectConfigurationPlatforms) = postSolution
		{39FE0AE0-789D-42CB-B610-914E1CE083C3}.Debug|Any CPU.ActiveCfg = Debug|Any CPU
		{39FE0AE0-789D-42CB-B610-914E1CE083C3}.Debug|Any CPU.Build.0 = Debug|Any CPU
		{39FE0AE0-789D-42CB-B610-914E1CE083C3}.Release|Any CPU.ActiveCfg = Release|Any CPU
		{39FE0AE0-789D-42CB-B610-914E1CE083C3}.Release|Any CPU.Build.0 = Release|Any CPU
	EndGlobalSection
	GlobalSection(SolutionProperties) = preSolution
		HideSolutionNode = FALSE
	EndGlobalSection
	GlobalSection(ExtensibilityGlobals) = postSolution
		SolutionGuid = {F28F7514-B60D-42E4-9C48-EEE2C6B2251C}
	EndGlobalSection
EndGlobal
